
Microsoft Visual Studio Solution File, Format Version 12.00
# Visual Studio Version 16
VisualStudioVersion = 16.0.30406.217
MinimumVisualStudioVersion = 10.0.40219.1
Project("{FAE04EC0-301F-11D3-BF4B-00C04F79EFBC}") = "ChatServer", "ChatServer\ChatServer.csproj", "{D931C614-3306-4DFC-A823-3A2E7066188C}"
EndProject
Project("{FAE04EC0-301F-11D3-BF4B-00C04F79EFBC}") = "ChatClient", "ChatClient\ChatClient.csproj", "{68AD9778-B447-48DD-9BDE-EFE0066CA877}"
EndProject
Project("{FAE04EC0-301F-11D3-BF4B-00C04F79EFBC}") = "ChatProtocol", "ChatProtocol\ChatProtocol.csproj", "{1FC576DC-DF4B-4069-BA53-45FC353AAD7F}"
EndProject
Project("{FAE04EC0-301F-11D3-BF4B-00C04F79EFBC}") = "ChatProtocolTests", "ChatProtocolTests\ChatProtocolTests.csproj", "{4B5D045D-E336-4A3D-B801-585E10B87CE1}"
EndProject
Project("{FAE04EC0-301F-11D3-BF4B-00C04F79EFBC}") = "WPFClient", "WpfChat\WPFClient.csproj", "{D0892801-CF8E-4BFA-B2F0-C1AB8070CC9B}"
EndProject
Global
	GlobalSection(SolutionConfigurationPlatforms) = preSolution
		Debug|Any CPU = Debug|Any CPU
		Release|Any CPU = Release|Any CPU
	EndGlobalSection
	GlobalSection(ProjectConfigurationPlatforms) = postSolution
		{D931C614-3306-4DFC-A823-3A2E7066188C}.Debug|Any CPU.ActiveCfg = Debug|Any CPU
		{D931C614-3306-4DFC-A823-3A2E7066188C}.Debug|Any CPU.Build.0 = Debug|Any CPU
		{D931C614-3306-4DFC-A823-3A2E7066188C}.Release|Any CPU.ActiveCfg = Release|Any CPU
		{D931C614-3306-4DFC-A823-3A2E7066188C}.Release|Any CPU.Build.0 = Release|Any CPU
		{68AD9778-B447-48DD-9BDE-EFE0066CA877}.Debug|Any CPU.ActiveCfg = Debug|Any CPU
		{68AD9778-B447-48DD-9BDE-EFE0066CA877}.Debug|Any CPU.Build.0 = Debug|Any CPU
		{68AD9778-B447-48DD-9BDE-EFE0066CA877}.Release|Any CPU.ActiveCfg = Release|Any CPU
		{68AD9778-B447-48DD-9BDE-EFE0066CA877}.Release|Any CPU.Build.0 = Release|Any CPU
		{1FC576DC-DF4B-4069-BA53-45FC353AAD7F}.Debug|Any CPU.ActiveCfg = Debug|Any CPU
		{1FC576DC-DF4B-4069-BA53-45FC353AAD7F}.Debug|Any CPU.Build.0 = Debug|Any CPU
		{1FC576DC-DF4B-4069-BA53-45FC353AAD7F}.Release|Any CPU.ActiveCfg = Release|Any CPU
		{1FC576DC-DF4B-4069-BA53-45FC353AAD7F}.Release|Any CPU.Build.0 = Release|Any CPU
		{4B5D045D-E336-4A3D-B801-585E10B87CE1}.Debug|Any CPU.ActiveCfg = Debug|Any CPU
		{4B5D045D-E336-4A3D-B801-585E10B87CE1}.Debug|Any CPU.Build.0 = Debug|Any CPU
		{4B5D045D-E336-4A3D-B801-585E10B87CE1}.Release|Any CPU.ActiveCfg = Release|Any CPU
		{4B5D045D-E336-4A3D-B801-585E10B87CE1}.Release|Any CPU.Build.0 = Release|Any CPU
		{D0892801-CF8E-4BFA-B2F0-C1AB8070CC9B}.Debug|Any CPU.ActiveCfg = Debug|Any CPU
		{D0892801-CF8E-4BFA-B2F0-C1AB8070CC9B}.Debug|Any CPU.Build.0 = Debug|Any CPU
		{D0892801-CF8E-4BFA-B2F0-C1AB8070CC9B}.Release|Any CPU.ActiveCfg = Release|Any CPU
		{D0892801-CF8E-4BFA-B2F0-C1AB8070CC9B}.Release|Any CPU.Build.0 = Release|Any CPU
	EndGlobalSection
	GlobalSection(SolutionProperties) = preSolution
		HideSolutionNode = FALSE
	EndGlobalSection
	GlobalSection(ExtensibilityGlobals) = postSolution
		SolutionGuid = {70FFE401-0792-4EBA-9094-C4401E8527E8}
	EndGlobalSection
EndGlobal
